
Microsoft Visual Studio Solution File, Format Version 12.00
# Visual Studio Version 17
VisualStudioVersion = 17.0.32014.148
MinimumVisualStudioVersion = 10.0.40219.1
Project("{8BC9CEB8-8B4A-11D0-8D11-00A0C91BC942}") = "Project", "Project.vcxproj", "{31203A76-E3D2-4EBA-A2FE-FEABB5609AE6}"
EndProject
Global
	GlobalSection(SolutionConfigurationPlatforms) = preSolution
		Debug|x64 = Debug|x64
		Debug|x86 = Debug|x86
		Release|x64 = Release|x64
		Release|x86 = Release|x86
	EndGlobalSection
	GlobalSection(ProjectConfigurationPlatforms) = postSolution
		{31203A76-E3D2-4EBA-A2FE-FEABB5609AE6}.Debug|x64.ActiveCfg = Debug|x64
		{31203A76-E3D2-4EBA-A2FE-FEABB5609AE6}.Debug|x64.Build.0 = Debug|x64
		{31203A76-E3D2-4EBA-A2FE-FEABB5609AE6}.Debug|x86.ActiveCfg = Debug|Win32
		{31203A76-E3D2-4EBA-A2FE-FEABB5609AE6}.Debug|x86.Build.0 = Debug|Win32
		{31203A76-E3D2-4EBA-A2FE-FEABB5609AE6}.Release|x64.ActiveCfg = Release|x64
		{31203A76-E3D2-4EBA-A2FE-FEABB5609AE6}.Release|x64.Build.0 = Release|x64
		{31203A76-E3D2-4EBA-A2FE-FEABB5609AE6}.Release|x86.ActiveCfg = Release|Win32
		{31203A76-E3D2-4EBA-A2FE-FEABB5609AE6}.Release|x86.Build.0 = Release|Win32
	EndGlobalSection
	GlobalSection(SolutionProperties) = preSolution
		HideSolutionNode = FALSE
	EndGlobalSection
	GlobalSection(ExtensibilityGlobals) = postSolution
		SolutionGuid = {909DDF04-B4F9-49E9-9B9F-D945A15BFE17}
	EndGlobalSection
EndGlobal
